
Microsoft Visual Studio Solution File, Format Version 12.00
# Visual Studio 15
VisualStudioVersion = 15.0.28307.438
MinimumVisualStudioVersion = 10.0.40219.1
Project("{FAE04EC0-301F-11D3-BF4B-00C04F79EFBC}") = "Language Basics2", "Language Basics2\Language Basics2.csproj", "{C50CB64D-6C66-41FD-A22B-B1FD674FF7C2}"
EndProject
Global
	GlobalSection(SolutionConfigurationPlatforms) = preSolution
		Debug|Any CPU = Debug|Any CPU
		Release|Any CPU = Release|Any CPU
	EndGlobalSection
	GlobalSection(ProjectConfigurationPlatforms) = postSolution
		{C50CB64D-6C66-41FD-A22B-B1FD674FF7C2}.Debug|Any CPU.ActiveCfg = Debug|Any CPU
		{C50CB64D-6C66-41FD-A22B-B1FD674FF7C2}.Debug|Any CPU.Build.0 = Debug|Any CPU
		{C50CB64D-6C66-41FD-A22B-B1FD674FF7C2}.Release|Any CPU.ActiveCfg = Release|Any CPU
		{C50CB64D-6C66-41FD-A22B-B1FD674FF7C2}.Release|Any CPU.Build.0 = Release|Any CPU
	EndGlobalSection
	GlobalSection(SolutionProperties) = preSolution
		HideSolutionNode = FALSE
	EndGlobalSection
	GlobalSection(ExtensibilityGlobals) = postSolution
		SolutionGuid = {340BC6AD-DC67-416A-A434-99C25A7EAD78}
	EndGlobalSection
EndGlobal
